{
  "pins" : [
    {
      "identity" : "swift-issue-reporting",
      "kind" : "remoteSourceControl",
      "location" : "https://github.com/pointfreeco/swift-issue-reporting.git",
      "state" : {
        "revision" : "b444594f79844b0d6d76d70fbfb3f7f71728f938",
        "version" : "1.5.1"
      }
    },
    {
      "identity" : "swift-macro-testing",
      "kind" : "remoteSourceControl",
      "location" : "https://github.com/pointfreeco/swift-macro-testing",
      "state" : {
        "revision" : "20c1a8f3b624fb5d1503eadcaa84743050c350f4",
        "version" : "0.5.2"
      }
    },
    {
      "identity" : "swift-snapshot-testing",
      "kind" : "remoteSourceControl",
      "location" : "https://github.com/pointfreeco/swift-snapshot-testing",
      "state" : {
        "revision" : "42a086182681cf661f5c47c9b7dc3931de18c6d7",
        "version" : "1.17.6"
      }
    },
    {
      "identity" : "swift-syntax",
      "kind" : "remoteSourceControl",
      "location" : "https://github.com/swiftlang/swift-syntax",
      "state" : {
        "revision" : "0687f71944021d616d34d922343dcef086855920",
        "version" : "600.0.1"
      }
    }
  ],
  "version" : 2
}
