{
  "originHash" : "bcdb49c833ace4c87c79e30d02af18e326e5a17f2e9fd362315b20f64e6dc102",
  "pins" : [
    {
      "identity" : "swift-custom-dump",
      "kind" : "remoteSourceControl",
      "location" : "https://github.com/pointfreeco/swift-custom-dump",
      "state" : {
        "revision" : "4fb9e7cbb4b8f5a7354005db39447f570d6b3e19",
        "version" : "1.7.3"
      }
    },
    {
      "identity" : "swift-docc-plugin",
      "kind" : "remoteSourceControl",
      "location" : "https://github.com/apple/swift-docc-plugin",
      "state" : {
        "revision" : "3e4f133a77e644a5812911a0513aeb7288b07d06",
        "version" : "1.4.5"
      }
    },
    {
      "identity" : "swift-docc-symbolkit",
      "kind" : "remoteSourceControl",
      "location" : "https://github.com/swiftlang/swift-docc-symbolkit",
      "state" : {
        "revision" : "b45d1f2ed151d057b54504d653e0da5552844e34",
        "version" : "1.0.0"
      }
    },
    {
      "identity" : "swift-issue-reporting",
      "kind" : "remoteSourceControl",
      "location" : "https://github.com/pointfreeco/swift-issue-reporting",
      "state" : {
        "revision" : "71c7c9a761d1ca6ed4ccb6ced040fe1c1a39e8e7",
        "version" : "2.1.0"
      }
    },
    {
      "identity" : "swift-macro-testing",
      "kind" : "remoteSourceControl",
      "location" : "https://github.com/pointfreeco/swift-macro-testing",
      "state" : {
        "revision" : "9ab11325daa51c7c5c10fcf16c92bac906717c7e",
        "version" : "0.6.4"
      }
    },
    {
      "identity" : "swift-snapshot-testing",
      "kind" : "remoteSourceControl",
      "location" : "https://github.com/pointfreeco/swift-snapshot-testing",
      "state" : {
        "revision" : "a8b7c5e0ed33d8ab8887d1654d9b59f2cbad529b",
        "version" : "1.18.7"
      }
    },
    {
      "identity" : "swift-syntax",
      "kind" : "remoteSourceControl",
      "location" : "https://github.com/swiftlang/swift-syntax",
      "state" : {
        "revision" : "f99ae8aa18f0cf0d53481901f88a0991dc3bd4a2",
        "version" : "601.0.1"
      }
    }
  ],
  "version" : 3
}
