{
  "pins" : [
    {
      "identity" : "swift-macro-testing",
      "kind" : "remoteSourceControl",
      "location" : "https://github.com/pointfreeco/swift-macro-testing",
      "state" : {
        "revision" : "35acd9468d40ae87e75991a18af6271e8124c261",
        "version" : "0.2.1"
      }
    },
    {
      "identity" : "swift-snapshot-testing",
      "kind" : "remoteSourceControl",
      "location" : "https://github.com/pointfreeco/swift-snapshot-testing",
      "state" : {
        "revision" : "bb0ea08db8e73324fe6c3727f755ca41a23ff2f4",
        "version" : "1.14.2"
      }
    },
    {
      "identity" : "swift-syntax",
      "kind" : "remoteSourceControl",
      "location" : "https://github.com/apple/swift-syntax",
      "state" : {
        "revision" : "74203046135342e4a4a627476dd6caf8b28fe11b",
        "version" : "509.0.0"
      }
    },
    {
      "identity" : "xctest-dynamic-overlay",
      "kind" : "remoteSourceControl",
      "location" : "https://github.com/pointfreeco/xctest-dynamic-overlay",
      "state" : {
        "branch" : "swift-testing",
        "revision" : "1a7a8614dbaff64295f1a9f9d80741d891b0f65f"
      }
    }
  ],
  "version" : 2
}
